{
  "version": 4,
  "terraform_version": "1.13.5",
  "serial": 3,
  "lineage": "b5c0bd22-923c-8117-f078-598bd11d6bbf",
  "outputs": {
    "server_ip": {
      "value": "178.128.221.36",
      "type": "string"
    }
  },
  "resources": [
    {
      "mode": "managed",
      "type": "digitalocean_droplet",
      "name": "healthtracker",
      "provider": "provider[\"registry.terraform.io/digitalocean/digitalocean\"]",
      "instances": [
        {
          "schema_version": 1,
          "attributes": {
            "backup_policy": [],
            "backups": false,
            "created_at": "2026-01-30T09:01:28Z",
            "disk": 10,
            "droplet_agent": null,
            "graceful_shutdown": false,
            "id": "548230719",
            "image": "ubuntu-22-04-x64",
            "ipv4_address": "178.128.221.36",
            "ipv4_address_private": "10.104.0.3",
            "ipv6": false,
            "ipv6_address": "",
            "locked": false,
            "memory": 512,
            "monitoring": false,
            "name": "healthtracker-server",
            "price_hourly": 0.00595,
            "price_monthly": 4,
            "private_networking": true,
            "region": "sgp1",
            "resize_disk": true,
            "size": "s-1vcpu-512mb-10gb",
            "ssh_keys": [
              "53735505"
            ],
            "status": "active",
            "tags": [
              "healthtracker"
            ],
            "timeouts": null,
            "urn": "do:droplet:548230719",
            "user_data": null,
            "vcpus": 1,
            "volume_ids": [],
            "vpc_uuid": "9c724d01-50f0-4c3b-a67e-4d7967938cf4"
          },
          "sensitive_attributes": [],
          "identity_schema_version": 0,
          "private": "eyJlMmJmYjczMC1lY2FhLTExZTYtOGY4OC0zNDM2M2JjN2M0YzAiOnsiY3JlYXRlIjozNjAwMDAwMDAwMDAwLCJkZWxldGUiOjYwMDAwMDAwMDAwLCJ1cGRhdGUiOjM2MDAwMDAwMDAwMDB9LCJzY2hlbWFfdmVyc2lvbiI6IjEifQ==",
          "dependencies": [
            "digitalocean_ssh_key.default"
          ]
        }
      ]
    },
    {
      "mode": "managed",
      "type": "digitalocean_ssh_key",
      "name": "default",
      "provider": "provider[\"registry.terraform.io/digitalocean/digitalocean\"]",
      "instances": [
        {
          "schema_version": 0,
          "attributes": {
            "fingerprint": "c7:31:aa:9c:a9:00:a1:09:a4:51:ff:55:1c:8f:34:4c",
            "id": "53735505",
            "name": "healthtracker-key",
            "public_key": "ssh-ed25519 AAAAC3NzaC1lZDI1NTE5AAAAICW5RR5wRgh6lLqm/BY3mji0B7wzAgzKUOHhbYk0FxDs healthtracker-terraform\n",
            "timeouts": null
          },
          "sensitive_attributes": [],
          "identity_schema_version": 0,
          "private": "eyJlMmJmYjczMC1lY2FhLTExZTYtOGY4OC0zNDM2M2JjN2M0YzAiOnsiY3JlYXRlIjoxMjAwMDAwMDAwMDB9fQ=="
        }
      ]
    }
  ],
  "check_results": null
}
